
Microsoft Visual Studio Solution File, Format Version 12.00
# Visual Studio Version 16
VisualStudioVersion = 16.0.29123.88
MinimumVisualStudioVersion = 10.0.40219.1
Project("{FAE04EC0-301F-11D3-BF4B-00C04F79EFBC}") = "PublicSharepoint2013", "PublicSharepoint2013\PublicSharepoint2013.csproj", "{470B7EAB-5DD4-4579-B00A-2A8BE9173C09}"
EndProject
Global
	GlobalSection(SolutionConfigurationPlatforms) = preSolution
		Debug|Any CPU = Debug|Any CPU
		Release|Any CPU = Release|Any CPU
	EndGlobalSection
	GlobalSection(ProjectConfigurationPlatforms) = postSolution
		{470B7EAB-5DD4-4579-B00A-2A8BE9173C09}.Debug|Any CPU.ActiveCfg = Debug|Any CPU
		{470B7EAB-5DD4-4579-B00A-2A8BE9173C09}.Debug|Any CPU.Build.0 = Debug|Any CPU
		{470B7EAB-5DD4-4579-B00A-2A8BE9173C09}.Debug|Any CPU.Deploy.0 = Debug|Any CPU
		{470B7EAB-5DD4-4579-B00A-2A8BE9173C09}.Release|Any CPU.ActiveCfg = Release|Any CPU
		{470B7EAB-5DD4-4579-B00A-2A8BE9173C09}.Release|Any CPU.Build.0 = Release|Any CPU
		{470B7EAB-5DD4-4579-B00A-2A8BE9173C09}.Release|Any CPU.Deploy.0 = Release|Any CPU
	EndGlobalSection
	GlobalSection(SolutionProperties) = preSolution
		HideSolutionNode = FALSE
	EndGlobalSection
	GlobalSection(ExtensibilityGlobals) = postSolution
		SolutionGuid = {8C982D69-0CB0-4039-88C0-C1476ACE22EA}
	EndGlobalSection
EndGlobal
